{
  "lib/rots/server_app.rb:4029472662": [
    [66, 7, 44, "Style/SafeNavigation: Use safe navigation (`&.`) instead of checking if an object exists before calling the method.", 3155555354]
  ],
  "rots.gemspec:1942548291": [
    [54, 3, 27, "Gemspec/DependencyVersion: Dependency version specification is required.", 3231645354],
    [55, 3, 31, "Gemspec/DependencyVersion: Dependency version specification is required.", 2029420852],
    [56, 3, 30, "Gemspec/DependencyVersion: Dependency version specification is required.", 2950165766],
    [57, 3, 31, "Gemspec/DependencyVersion: Dependency version specification is required.", 856856768],
    [62, 3, 31, "Gemspec/DependencyVersion: Dependency version specification is required.", 4231415917],
    [64, 3, 30, "Gemspec/DependencyVersion: Dependency version specification is required.", 2088193405]
  ],
  "spec/rots/mocks/integration_spec.rb:2999786939": [
    [9, 16, 13, "RSpec/DescribeClass: The first argument to describe should be the class or module being tested.", 3245556507],
    [66, 25, 9, "RSpec/InstanceVariable: Avoid instance variables - use let, a method call, or a local variable (if possible).", 570307526],
    [67, 27, 9, "RSpec/InstanceVariable: Avoid instance variables - use let, a method call, or a local variable (if possible).", 570307526],
    [68, 25, 9, "RSpec/InstanceVariable: Avoid instance variables - use let, a method call, or a local variable (if possible).", 570307526],
    [69, 31, 9, "RSpec/InstanceVariable: Avoid instance variables - use let, a method call, or a local variable (if possible).", 570307526],
    [76, 25, 9, "RSpec/InstanceVariable: Avoid instance variables - use let, a method call, or a local variable (if possible).", 570307526],
    [77, 27, 9, "RSpec/InstanceVariable: Avoid instance variables - use let, a method call, or a local variable (if possible).", 570307526],
    [78, 25, 9, "RSpec/InstanceVariable: Avoid instance variables - use let, a method call, or a local variable (if possible).", 570307526],
    [79, 31, 9, "RSpec/InstanceVariable: Avoid instance variables - use let, a method call, or a local variable (if possible).", 570307526],
    [86, 25, 9, "RSpec/InstanceVariable: Avoid instance variables - use let, a method call, or a local variable (if possible).", 570307526],
    [87, 28, 9, "RSpec/InstanceVariable: Avoid instance variables - use let, a method call, or a local variable (if possible).", 570307526],
    [88, 25, 9, "RSpec/InstanceVariable: Avoid instance variables - use let, a method call, or a local variable (if possible).", 570307526],
    [89, 31, 9, "RSpec/InstanceVariable: Avoid instance variables - use let, a method call, or a local variable (if possible).", 570307526],
    [92, 13, 23, "RSpec/ContextWording: Context description should match /^when\\b/, /^with\\b/, or /^without\\b/.", 3708407610],
    [99, 27, 9, "RSpec/InstanceVariable: Avoid instance variables - use let, a method call, or a local variable (if possible).", 570307526],
    [100, 29, 9, "RSpec/InstanceVariable: Avoid instance variables - use let, a method call, or a local variable (if possible).", 570307526],
    [101, 35, 9, "RSpec/InstanceVariable: Avoid instance variables - use let, a method call, or a local variable (if possible).", 570307526],
    [102, 33, 9, "RSpec/InstanceVariable: Avoid instance variables - use let, a method call, or a local variable (if possible).", 570307526],
    [109, 27, 9, "RSpec/InstanceVariable: Avoid instance variables - use let, a method call, or a local variable (if possible).", 570307526],
    [110, 29, 9, "RSpec/InstanceVariable: Avoid instance variables - use let, a method call, or a local variable (if possible).", 570307526],
    [111, 35, 9, "RSpec/InstanceVariable: Avoid instance variables - use let, a method call, or a local variable (if possible).", 570307526],
    [112, 33, 9, "RSpec/InstanceVariable: Avoid instance variables - use let, a method call, or a local variable (if possible).", 570307526],
    [123, 27, 9, "RSpec/InstanceVariable: Avoid instance variables - use let, a method call, or a local variable (if possible).", 570307526],
    [124, 29, 9, "RSpec/InstanceVariable: Avoid instance variables - use let, a method call, or a local variable (if possible).", 570307526],
    [125, 35, 9, "RSpec/InstanceVariable: Avoid instance variables - use let, a method call, or a local variable (if possible).", 570307526],
    [126, 33, 9, "RSpec/InstanceVariable: Avoid instance variables - use let, a method call, or a local variable (if possible).", 570307526],
    [127, 37, 9, "RSpec/InstanceVariable: Avoid instance variables - use let, a method call, or a local variable (if possible).", 570307526],
    [133, 27, 9, "RSpec/InstanceVariable: Avoid instance variables - use let, a method call, or a local variable (if possible).", 570307526],
    [134, 41, 9, "RSpec/InstanceVariable: Avoid instance variables - use let, a method call, or a local variable (if possible).", 570307526],
    [140, 27, 9, "RSpec/InstanceVariable: Avoid instance variables - use let, a method call, or a local variable (if possible).", 570307526],
    [141, 30, 9, "RSpec/InstanceVariable: Avoid instance variables - use let, a method call, or a local variable (if possible).", 570307526],
    [142, 35, 9, "RSpec/InstanceVariable: Avoid instance variables - use let, a method call, or a local variable (if possible).", 570307526],
    [143, 33, 9, "RSpec/InstanceVariable: Avoid instance variables - use let, a method call, or a local variable (if possible).", 570307526],
    [144, 37, 9, "RSpec/InstanceVariable: Avoid instance variables - use let, a method call, or a local variable (if possible).", 570307526],
    [155, 27, 9, "RSpec/InstanceVariable: Avoid instance variables - use let, a method call, or a local variable (if possible).", 570307526],
    [156, 29, 9, "RSpec/InstanceVariable: Avoid instance variables - use let, a method call, or a local variable (if possible).", 570307526],
    [157, 27, 9, "RSpec/InstanceVariable: Avoid instance variables - use let, a method call, or a local variable (if possible).", 570307526],
    [158, 33, 9, "RSpec/InstanceVariable: Avoid instance variables - use let, a method call, or a local variable (if possible).", 570307526],
    [169, 27, 9, "RSpec/InstanceVariable: Avoid instance variables - use let, a method call, or a local variable (if possible).", 570307526],
    [170, 29, 9, "RSpec/InstanceVariable: Avoid instance variables - use let, a method call, or a local variable (if possible).", 570307526],
    [171, 27, 9, "RSpec/InstanceVariable: Avoid instance variables - use let, a method call, or a local variable (if possible).", 570307526],
    [172, 33, 9, "RSpec/InstanceVariable: Avoid instance variables - use let, a method call, or a local variable (if possible).", 570307526],
    [188, 27, 9, "RSpec/InstanceVariable: Avoid instance variables - use let, a method call, or a local variable (if possible).", 570307526],
    [189, 29, 9, "RSpec/InstanceVariable: Avoid instance variables - use let, a method call, or a local variable (if possible).", 570307526],
    [190, 27, 9, "RSpec/InstanceVariable: Avoid instance variables - use let, a method call, or a local variable (if possible).", 570307526],
    [191, 33, 9, "RSpec/InstanceVariable: Avoid instance variables - use let, a method call, or a local variable (if possible).", 570307526],
    [205, 20, 9, "RSpec/InstanceVariable: Avoid instance variables - use let, a method call, or a local variable (if possible).", 570307526],
    [212, 27, 9, "RSpec/InstanceVariable: Avoid instance variables - use let, a method call, or a local variable (if possible).", 570307526],
    [213, 29, 9, "RSpec/InstanceVariable: Avoid instance variables - use let, a method call, or a local variable (if possible).", 570307526],
    [214, 27, 9, "RSpec/InstanceVariable: Avoid instance variables - use let, a method call, or a local variable (if possible).", 570307526],
    [215, 33, 9, "RSpec/InstanceVariable: Avoid instance variables - use let, a method call, or a local variable (if possible).", 570307526],
    [230, 20, 9, "RSpec/InstanceVariable: Avoid instance variables - use let, a method call, or a local variable (if possible).", 570307526],
    [237, 27, 9, "RSpec/InstanceVariable: Avoid instance variables - use let, a method call, or a local variable (if possible).", 570307526],
    [238, 29, 9, "RSpec/InstanceVariable: Avoid instance variables - use let, a method call, or a local variable (if possible).", 570307526],
    [239, 27, 9, "RSpec/InstanceVariable: Avoid instance variables - use let, a method call, or a local variable (if possible).", 570307526],
    [240, 33, 9, "RSpec/InstanceVariable: Avoid instance variables - use let, a method call, or a local variable (if possible).", 570307526],
    [250, 20, 9, "RSpec/InstanceVariable: Avoid instance variables - use let, a method call, or a local variable (if possible).", 570307526],
    [256, 27, 9, "RSpec/InstanceVariable: Avoid instance variables - use let, a method call, or a local variable (if possible).", 570307526],
    [264, 20, 9, "RSpec/InstanceVariable: Avoid instance variables - use let, a method call, or a local variable (if possible).", 570307526],
    [270, 27, 9, "RSpec/InstanceVariable: Avoid instance variables - use let, a method call, or a local variable (if possible).", 570307526],
    [281, 27, 9, "RSpec/InstanceVariable: Avoid instance variables - use let, a method call, or a local variable (if possible).", 570307526],
    [282, 29, 9, "RSpec/InstanceVariable: Avoid instance variables - use let, a method call, or a local variable (if possible).", 570307526],
    [283, 27, 9, "RSpec/InstanceVariable: Avoid instance variables - use let, a method call, or a local variable (if possible).", 570307526],
    [284, 32, 9, "RSpec/InstanceVariable: Avoid instance variables - use let, a method call, or a local variable (if possible).", 570307526],
    [294, 27, 9, "RSpec/InstanceVariable: Avoid instance variables - use let, a method call, or a local variable (if possible).", 570307526],
    [295, 29, 9, "RSpec/InstanceVariable: Avoid instance variables - use let, a method call, or a local variable (if possible).", 570307526],
    [296, 27, 9, "RSpec/InstanceVariable: Avoid instance variables - use let, a method call, or a local variable (if possible).", 570307526],
    [297, 33, 9, "RSpec/InstanceVariable: Avoid instance variables - use let, a method call, or a local variable (if possible).", 570307526],
    [306, 27, 9, "RSpec/InstanceVariable: Avoid instance variables - use let, a method call, or a local variable (if possible).", 570307526],
    [307, 27, 9, "RSpec/InstanceVariable: Avoid instance variables - use let, a method call, or a local variable (if possible).", 570307526],
    [308, 26, 9, "RSpec/InstanceVariable: Avoid instance variables - use let, a method call, or a local variable (if possible).", 570307526],
    [316, 27, 9, "RSpec/InstanceVariable: Avoid instance variables - use let, a method call, or a local variable (if possible).", 570307526],
    [328, 27, 9, "RSpec/InstanceVariable: Avoid instance variables - use let, a method call, or a local variable (if possible).", 570307526],
    [329, 54, 9, "RSpec/InstanceVariable: Avoid instance variables - use let, a method call, or a local variable (if possible).", 570307526],
    [331, 18, 9, "RSpec/InstanceVariable: Avoid instance variables - use let, a method call, or a local variable (if possible).", 570307526],
    [334, 27, 9, "RSpec/InstanceVariable: Avoid instance variables - use let, a method call, or a local variable (if possible).", 570307526],
    [335, 31, 9, "RSpec/InstanceVariable: Avoid instance variables - use let, a method call, or a local variable (if possible).", 570307526],
    [344, 59, 9, "RSpec/InstanceVariable: Avoid instance variables - use let, a method call, or a local variable (if possible).", 570307526]
  ],
  "spec/server_app_spec.rb:3966116987": [
    [1, 1, 30, "RSpec/SpecFilePathFormat: Spec path should end with `rots/server_app*_spec.rb`.", 3141558351],
    [3, 5, 64, "RSpec/MultipleExpectations: Example has too many expectations [2/1].", 3037133032],
    [4, 39, 15, "RSpec/DescribedClass: Use `described_class` instead of `Rots::ServerApp`.", 1679027035],
    [16, 40, 15, "RSpec/DescribedClass: Use `described_class` instead of `Rots::ServerApp`.", 1679027035],
    [35, 38, 8, "RSpec/InstanceVariable: Avoid instance variables - use let, a method call, or a local variable (if possible).", 1967475860],
    [42, 11, 49, "RSpec/MultipleExpectations: Example has too many expectations [2/1].", 407156958],
    [43, 42, 8, "RSpec/InstanceVariable: Avoid instance variables - use let, a method call, or a local variable (if possible).", 1967475860],
    [54, 38, 8, "RSpec/InstanceVariable: Avoid instance variables - use let, a method call, or a local variable (if possible).", 1967475860],
    [62, 38, 8, "RSpec/InstanceVariable: Avoid instance variables - use let, a method call, or a local variable (if possible).", 1967475860],
    [70, 38, 8, "RSpec/InstanceVariable: Avoid instance variables - use let, a method call, or a local variable (if possible).", 1967475860],
    [75, 11, 32, "RSpec/MultipleExpectations: Example has too many expectations [5/1].", 4289101259],
    [76, 38, 8, "RSpec/InstanceVariable: Avoid instance variables - use let, a method call, or a local variable (if possible).", 1967475860]
  ]
}
